// !$*UTF8*$!
{
	archiveVersion = 1;
	classes = {
	};
	objectVersion = 55;
	objects = {

/* Begin PBXBuildFile section */
		9035964828CD749D0089322E /* AppDelegate.swift in Sources */ = {isa = PBXBuildFile; fileRef = 9035964728CD749D0089322E /* AppDelegate.swift */; };
		9035964A28CD749D0089322E /* SceneDelegate.swift in Sources */ = {isa = PBXBuildFile; fileRef = 9035964928CD749D0089322E /* SceneDelegate.swift */; };
		9035964C28CD749D0089322E /* ViewController.swift in Sources */ = {isa = PBXBuildFile; fileRef = 9035964B28CD749D0089322E /* ViewController.swift */; };
		9035964F28CD749D0089322E /* Main.storyboard in Resources */ = {isa = PBXBuildFile; fileRef = 9035964D28CD749D0089322E /* Main.storyboard */; };
		9035965128CD749E0089322E /* Assets.xcassets in Resources */ = {isa = PBXBuildFile; fileRef = 9035965028CD749E0089322E /* Assets.xcassets */; };
		9035965428CD749E0089322E /* LaunchScreen.storyboard in Resources */ = {isa = PBXBuildFile; fileRef = 9035965228CD749E0089322E /* LaunchScreen.storyboard */; };
		9035965F28CD749E0089322E /* iOSTests.swift in Sources */ = {isa = PBXBuildFile; fileRef = 9035965E28CD749E0089322E /* iOSTests.swift */; };
		9035966928CD749E0089322E /* iOSUITests.swift in Sources */ = {isa = PBXBuildFile; fileRef = 9035966828CD749E0089322E /* iOSUITests.swift */; };
		9035966B28CD749E0089322E /* iOSUITestsLaunchTests.swift in Sources */ = {isa = PBXBuildFile; fileRef = 9035966A28CD749E0089322E /* iOSUITestsLaunchTests.swift */; };
/* End PBXBuildFile section */

/* Begin PBXContainerItemProxy section */
		9035965B28CD749E0089322E /* PBXContainerItemProxy */ = {
			isa = PBXContainerItemProxy;
			containerPortal = 9035963C28CD749D0089322E /* Project object */;
			proxyType = 1;
			remoteGlobalIDString = 9035964328CD749D0089322E;
			remoteInfo = iOS;
		};
		9035966528CD749E0089322E /* PBXContainerItemProxy */ = {
			isa = PBXContainerItemProxy;
			containerPortal = 9035963C28CD749D0089322E /* Project object */;
			proxyType = 1;
			remoteGlobalIDString = 9035964328CD749D0089322E;
			remoteInfo = iOS;
		};
/* End PBXContainerItemProxy section */

/* Begin PBXFileReference section */
		9035964428CD749D0089322E /* iOS.app */ = {isa = PBXFileReference; explicitFileType = wrapper.application; includeInIndex = 0; path = iOS.app; sourceTree = BUILT_PRODUCTS_DIR; };
		9035964728CD749D0089322E /* AppDelegate.swift */ = {isa = PBXFileReference; lastKnownFileType = sourcecode.swift; path = AppDelegate.swift; sourceTree = "<group>"; };
		9035964928CD749D0089322E /* SceneDelegate.swift */ = {isa = PBXFileReference; lastKnownFileType = sourcecode.swift; path = SceneDelegate.swift; sourceTree = "<group>"; };
		9035964B28CD749D0089322E /* ViewController.swift */ = {isa = PBXFileReference; lastKnownFileType = sourcecode.swift; path = ViewController.swift; sourceTree = "<group>"; };
		9035964E28CD749D0089322E /* Base */ = {isa = PBXFileReference; lastKnownFileType = file.storyboard; name = Base; path = Base.lproj/Main.storyboard; sourceTree = "<group>"; };
		9035965028CD749E0089322E /* Assets.xcassets */ = {isa = PBXFileReference; lastKnownFileType = folder.assetcatalog; path = Assets.xcassets; sourceTree = "<group>"; };
		9035965328CD749E0089322E /* Base */ = {isa = PBXFileReference; lastKnownFileType = file.storyboard; name = Base; path = Base.lproj/LaunchScreen.storyboard; sourceTree = "<group>"; };
		9035965528CD749E0089322E /* Info.plist */ = {isa = PBXFileReference; lastKnownFileType = text.plist.xml; path = Info.plist; sourceTree = "<group>"; };
		9035965A28CD749E0089322E /* iOSTests.xctest */ = {isa = PBXFileReference; explicitFileType = wrapper.cfbundle; includeInIndex = 0; path = iOSTests.xctest; sourceTree = BUILT_PRODUCTS_DIR; };
		9035965E28CD749E0089322E /* iOSTests.swift */ = {isa = PBXFileReference; lastKnownFileType = sourcecode.swift; path = iOSTests.swift; sourceTree = "<group>"; };
		9035966428CD749E0089322E /* iOSUITests.xctest */ = {isa = PBXFileReference; explicitFileType = wrapper.cfbundle; includeInIndex = 0; path = iOSUITests.xctest; sourceTree = BUILT_PRODUCTS_DIR; };
		9035966828CD749E0089322E /* iOSUITests.swift */ = {isa = PBXFileReference; lastKnownFileType = sourcecode.swift; path = iOSUITests.swift; sourceTree = "<group>"; };
		9035966A28CD749E0089322E /* iOSUITestsLaunchTests.swift */ = {isa = PBXFileReference; lastKnownFileType = sourcecode.swift; path = iOSUITestsLaunchTests.swift; sourceTree = "<group>"; };
/* End PBXFileReference section */

/* Begin PBXFrameworksBuildPhase section */
		9035964128CD749D0089322E /* Frameworks */ = {
			isa = PBXFrameworksBuildPhase;
			buildActionMask = 2147483647;
			files = (
			);
			runOnlyForDeploymentPostprocessing = 0;
		};
		9035965728CD749E0089322E /* Frameworks */ = {
			isa = PBXFrameworksBuildPhase;
			buildActionMask = 2147483647;
			files = (
			);
			runOnlyForDeploymentPostprocessing = 0;
		};
		9035966128CD749E0089322E /* Frameworks */ = {
			isa = PBXFrameworksBuildPhase;
			buildActionMask = 2147483647;
			files = (
			);
			runOnlyForDeploymentPostprocessing = 0;
		};
/* End PBXFrameworksBuildPhase section */

/* Begin PBXGroup section */
		9035963B28CD749D0089322E = {
			isa = PBXGroup;
			children = (
				9035964628CD749D0089322E /* iOS */,
				9035965D28CD749E0089322E /* iOSTests */,
				9035966728CD749E0089322E /* iOSUITests */,
				9035964528CD749D0089322E /* Products */,
			);
			sourceTree = "<group>";
		};
		9035964528CD749D0089322E /* Products */ = {
			isa = PBXGroup;
			children = (
				9035964428CD749D0089322E /* iOS.app */,
				9035965A28CD749E0089322E /* iOSTests.xctest */,
				9035966428CD749E0089322E /* iOSUITests.xctest */,
			);
			name = Products;
			sourceTree = "<group>";
		};
		9035964628CD749D0089322E /* iOS */ = {
			isa = PBXGroup;
			children = (
				9035967928CD759D0089322E /* Controllers */,
				9035967828CD75980089322E /* Views */,
				9035967728CD75920089322E /* Models */,
				9035965028CD749E0089322E /* Assets.xcassets */,
				9035965228CD749E0089322E /* LaunchScreen.storyboard */,
				9035965528CD749E0089322E /* Info.plist */,
			);
			path = iOS;
			sourceTree = "<group>";
		};
		9035965D28CD749E0089322E /* iOSTests */ = {
			isa = PBXGroup;
			children = (
				9035965E28CD749E0089322E /* iOSTests.swift */,
			);
			path = iOSTests;
			sourceTree = "<group>";
		};
		9035966728CD749E0089322E /* iOSUITests */ = {
			isa = PBXGroup;
			children = (
				9035966828CD749E0089322E /* iOSUITests.swift */,
				9035966A28CD749E0089322E /* iOSUITestsLaunchTests.swift */,
			);
			path = iOSUITests;
			sourceTree = "<group>";
		};
		9035967728CD75920089322E /* Models */ = {
			isa = PBXGroup;
			children = (
				9035964728CD749D0089322E /* AppDelegate.swift */,
				9035964928CD749D0089322E /* SceneDelegate.swift */,
			);
			path = Models;
			sourceTree = "<group>";
		};
		9035967828CD75980089322E /* Views */ = {
			isa = PBXGroup;
			children = (
				9035964D28CD749D0089322E /* Main.storyboard */,
			);
			path = Views;
			sourceTree = "<group>";
		};
		9035967928CD759D0089322E /* Controllers */ = {
			isa = PBXGroup;
			children = (
				9035964B28CD749D0089322E /* ViewController.swift */,
			);
			path = Controllers;
			sourceTree = "<group>";
		};
/* End PBXGroup section */

/* Begin PBXNativeTarget section */
		9035964328CD749D0089322E /* iOS */ = {
			isa = PBXNativeTarget;
			buildConfigurationList = 9035966E28CD749E0089322E /* Build configuration list for PBXNativeTarget "iOS" */;
			buildPhases = (
				9035964028CD749D0089322E /* Sources */,
				9035964128CD749D0089322E /* Frameworks */,
				9035964228CD749D0089322E /* Resources */,
			);
			buildRules = (
			);
			dependencies = (
			);
			name = iOS;
			productName = iOS;
			productReference = 9035964428CD749D0089322E /* iOS.app */;
			productType = "com.apple.product-type.application";
		};
		9035965928CD749E0089322E /* iOSTests */ = {
			isa = PBXNativeTarget;
			buildConfigurationList = 9035967128CD749E0089322E /* Build configuration list for PBXNativeTarget "iOSTests" */;
			buildPhases = (
				9035965628CD749E0089322E /* Sources */,
				9035965728CD749E0089322E /* Frameworks */,
				9035965828CD749E0089322E /* Resources */,
			);
			buildRules = (
			);
			dependencies = (
				9035965C28CD749E0089322E /* PBXTargetDependency */,
			);
			name = iOSTests;
			productName = iOSTests;
			productReference = 9035965A28CD749E0089322E /* iOSTests.xctest */;
			productType = "com.apple.product-type.bundle.unit-test";
		};
		9035966328CD749E0089322E /* iOSUITests */ = {
			isa = PBXNativeTarget;
			buildConfigurationList = 9035967428CD749E0089322E /* Build configuration list for PBXNativeTarget "iOSUITests" */;
			buildPhases = (
				9035966028CD749E0089322E /* Sources */,
				9035966128CD749E0089322E /* Frameworks */,
				9035966228CD749E0089322E /* Resources */,
			);
			buildRules = (
			);
			dependencies = (
				9035966628CD749E0089322E /* PBXTargetDependency */,
			);
			name = iOSUITests;
			productName = iOSUITests;
			productReference = 9035966428CD749E0089322E /* iOSUITests.xctest */;
			productType = "com.apple.product-type.bundle.ui-testing";
		};
/* End PBXNativeTarget section */

/* Begin PBXProject section */
		9035963C28CD749D0089322E /* Project object */ = {
			isa = PBXProject;
			attributes = {
				BuildIndependentTargetsInParallel = 1;
				LastSwiftUpdateCheck = 1340;
				LastUpgradeCheck = 1340;
				TargetAttributes = {
					9035964328CD749D0089322E = {
						CreatedOnToolsVersion = 13.4.1;
					};
					9035965928CD749E0089322E = {
						CreatedOnToolsVersion = 13.4.1;
						TestTargetID = 9035964328CD749D0089322E;
					};
					9035966328CD749E0089322E = {
						CreatedOnToolsVersion = 13.4.1;
						TestTargetID = 9035964328CD749D0089322E;
					};
				};
			};
			buildConfigurationList = 9035963F28CD749D0089322E /* Build configuration list for PBXProject "iOS" */;
			compatibilityVersion = "Xcode 13.0";
			developmentRegion = en;
			hasScannedForEncodings = 0;
			knownRegions = (
				en,
				Base,
			);
			mainGroup = 9035963B28CD749D0089322E;
			productRefGroup = 9035964528CD749D0089322E /* Products */;
			projectDirPath = "";
			projectRoot = "";
			targets = (
				9035964328CD749D0089322E /* iOS */,
				9035965928CD749E0089322E /* iOSTests */,
				9035966328CD749E0089322E /* iOSUITests */,
			);
		};
/* End PBXProject section */

/* Begin PBXResourcesBuildPhase section */
		9035964228CD749D0089322E /* Resources */ = {
			isa = PBXResourcesBuildPhase;
			buildActionMask = 2147483647;
			files = (
				9035965428CD749E0089322E /* LaunchScreen.storyboard in Resources */,
				9035965128CD749E0089322E /* Assets.xcassets in Resources */,
				9035964F28CD749D0089322E /* Main.storyboard in Resources */,
			);
			runOnlyForDeploymentPostprocessing = 0;
		};
		9035965828CD749E0089322E /* Resources */ = {
			isa = PBXResourcesBuildPhase;
			buildActionMask = 2147483647;
			files = (
			);
			runOnlyForDeploymentPostprocessing = 0;
		};
		9035966228CD749E0089322E /* Resources */ = {
			isa = PBXResourcesBuildPhase;
			buildActionMask = 2147483647;
			files = (
			);
			runOnlyForDeploymentPostprocessing = 0;
		};
/* End PBXResourcesBuildPhase section */

/* Begin PBXSourcesBuildPhase section */
		9035964028CD749D0089322E /* Sources */ = {
			isa = PBXSourcesBuildPhase;
			buildActionMask = 2147483647;
			files = (
				9035964C28CD749D0089322E /* ViewController.swift in Sources */,
				9035964828CD749D0089322E /* AppDelegate.swift in Sources */,
				9035964A28CD749D0089322E /* SceneDelegate.swift in Sources */,
			);
			runOnlyForDeploymentPostprocessing = 0;
		};
		9035965628CD749E0089322E /* Sources */ = {
			isa = PBXSourcesBuildPhase;
			buildActionMask = 2147483647;
			files = (
				9035965F28CD749E0089322E /* iOSTests.swift in Sources */,
			);
			runOnlyForDeploymentPostprocessing = 0;
		};
		9035966028CD749E0089322E /* Sources */ = {
			isa = PBXSourcesBuildPhase;
			buildActionMask = 2147483647;
			files = (
				9035966B28CD749E0089322E /* iOSUITestsLaunchTests.swift in Sources */,
				9035966928CD749E0089322E /* iOSUITests.swift in Sources */,
			);
			runOnlyForDeploymentPostprocessing = 0;
		};
/* End PBXSourcesBuildPhase section */

/* Begin PBXTargetDependency section */
		9035965C28CD749E0089322E /* PBXTargetDependency */ = {
			isa = PBXTargetDependency;
			target = 9035964328CD749D0089322E /* iOS */;
			targetProxy = 9035965B28CD749E0089322E /* PBXContainerItemProxy */;
		};
		9035966628CD749E0089322E /* PBXTargetDependency */ = {
			isa = PBXTargetDependency;
			target = 9035964328CD749D0089322E /* iOS */;
			targetProxy = 9035966528CD749E0089322E /* PBXContainerItemProxy */;
		};
/* End PBXTargetDependency section */

/* Begin PBXVariantGroup section */
		9035964D28CD749D0089322E /* Main.storyboard */ = {
			isa = PBXVariantGroup;
			children = (
				9035964E28CD749D0089322E /* Base */,
			);
			name = Main.storyboard;
			sourceTree = "<group>";
		};
		9035965228CD749E0089322E /* LaunchScreen.storyboard */ = {
			isa = PBXVariantGroup;
			children = (
				9035965328CD749E0089322E /* Base */,
			);
			name = LaunchScreen.storyboard;
			sourceTree = "<group>";
		};
/* End PBXVariantGroup section */

/* Begin XCBuildConfiguration section */
		9035966C28CD749E0089322E /* Debug */ = {
			isa = XCBuildConfiguration;
			buildSettings = {
				ALWAYS_SEARCH_USER_PATHS = NO;
				CLANG_ANALYZER_NONNULL = YES;
				CLANG_ANALYZER_NUMBER_OBJECT_CONVERSION = YES_AGGRESSIVE;
				CLANG_CXX_LANGUAGE_STANDARD = "gnu++17";
				CLANG_ENABLE_MODULES = YES;
				CLANG_ENABLE_OBJC_ARC = YES;
				CLANG_ENABLE_OBJC_WEAK = YES;
				CLANG_WARN_BLOCK_CAPTURE_AUTORELEASING = YES;
				CLANG_WARN_BOOL_CONVERSION = YES;
				CLANG_WARN_COMMA = YES;
				CLANG_WARN_CONSTANT_CONVERSION = YES;
				CLANG_WARN_DEPRECATED_OBJC_IMPLEMENTATIONS = YES;
				CLANG_WARN_DIRECT_OBJC_ISA_USAGE = YES_ERROR;
				CLANG_WARN_DOCUMENTATION_COMMENTS = YES;
				CLANG_WARN_EMPTY_BODY = YES;
				CLANG_WARN_ENUM_CONVERSION = YES;
				CLANG_WARN_INFINITE_RECURSION = YES;
				CLANG_WARN_INT_CONVERSION = YES;
				CLANG_WARN_NON_LITERAL_NULL_CONVERSION = YES;
				CLANG_WARN_OBJC_IMPLICIT_RETAIN_SELF = YES;
				CLANG_WARN_OBJC_LITERAL_CONVERSION = YES;
				CLANG_WARN_OBJC_ROOT_CLASS = YES_ERROR;
				CLANG_WARN_QUOTED_INCLUDE_IN_FRAMEWORK_HEADER = YES;
				CLANG_WARN_RANGE_LOOP_ANALYSIS = YES;
				CLANG_WARN_STRICT_PROTOTYPES = YES;
				CLANG_WARN_SUSPICIOUS_MOVE = YES;
				CLANG_WARN_UNGUARDED_AVAILABILITY = YES_AGGRESSIVE;
				CLANG_WARN_UNREACHABLE_CODE = YES;
				CLANG_WARN__DUPLICATE_METHOD_MATCH = YES;
				COPY_PHASE_STRIP = NO;
				DEBUG_INFORMATION_FORMAT = dwarf;
				ENABLE_STRICT_OBJC_MSGSEND = YES;
				ENABLE_TESTABILITY = YES;
				GCC_C_LANGUAGE_STANDARD = gnu11;
				GCC_DYNAMIC_NO_PIC = NO;
				GCC_NO_COMMON_BLOCKS = YES;
				GCC_OPTIMIZATION_LEVEL = 0;
				GCC_PREPROCESSOR_DEFINITIONS = (
					"DEBUG=1",
					"$(inherited)",
				);
				GCC_WARN_64_TO_32_BIT_CONVERSION = YES;
				GCC_WARN_ABOUT_RETURN_TYPE = YES_ERROR;
				GCC_WARN_UNDECLARED_SELECTOR = YES;
				GCC_WARN_UNINITIALIZED_AUTOS = YES_AGGRESSIVE;
				GCC_WARN_UNUSED_FUNCTION = YES;
				GCC_WARN_UNUSED_VARIABLE = YES;
				IPHONEOS_DEPLOYMENT_TARGET = 15.5;
				MTL_ENABLE_DEBUG_INFO = INCLUDE_SOURCE;
				MTL_FAST_MATH = YES;
				ONLY_ACTIVE_ARCH = YES;
				SDKROOT = iphoneos;
				SWIFT_ACTIVE_COMPILATION_CONDITIONS = DEBUG;
				SWIFT_OPTIMIZATION_LEVEL = "-Onone";
			};
			name = Debug;
		};
		9035966D28CD749E0089322E /* Release */ = {
			isa = XCBuildConfiguration;
			buildSettings = {
				ALWAYS_SEARCH_USER_PATHS = NO;
				CLANG_ANALYZER_NONNULL = YES;
				CLANG_ANALYZER_NUMBER_OBJECT_CONVERSION = YES_AGGRESSIVE;
				CLANG_CXX_LANGUAGE_STANDARD = "gnu++17";
				CLANG_ENABLE_MODULES = YES;
				CLANG_ENABLE_OBJC_ARC = YES;
				CLANG_ENABLE_OBJC_WEAK = YES;
				CLANG_WARN_BLOCK_CAPTURE_AUTORELEASING = YES;
				CLANG_WARN_BOOL_CONVERSION = YES;
				CLANG_WARN_COMMA = YES;
				CLANG_WARN_CONSTANT_CONVERSION = YES;
				CLANG_WARN_DEPRECATED_OBJC_IMPLEMENTATIONS = YES;
				CLANG_WARN_DIRECT_OBJC_ISA_USAGE = YES_ERROR;
				CLANG_WARN_DOCUMENTATION_COMMENTS = YES;
				CLANG_WARN_EMPTY_BODY = YES;
				CLANG_WARN_ENUM_CONVERSION = YES;
				CLANG_WARN_INFINITE_RECURSION = YES;
				CLANG_WARN_INT_CONVERSION = YES;
				CLANG_WARN_NON_LITERAL_NULL_CONVERSION = YES;
				CLANG_WARN_OBJC_IMPLICIT_RETAIN_SELF = YES;
				CLANG_WARN_OBJC_LITERAL_CONVERSION = YES;
				CLANG_WARN_OBJC_ROOT_CLASS = YES_ERROR;
				CLANG_WARN_QUOTED_INCLUDE_IN_FRAMEWORK_HEADER = YES;
				CLANG_WARN_RANGE_LOOP_ANALYSIS = YES;
				CLANG_WARN_STRICT_PROTOTYPES = YES;
				CLANG_WARN_SUSPICIOUS_MOVE = YES;
				CLANG_WARN_UNGUARDED_AVAILABILITY = YES_AGGRESSIVE;
				CLANG_WARN_UNREACHABLE_CODE = YES;
				CLANG_WARN__DUPLICATE_METHOD_MATCH = YES;
				COPY_PHASE_STRIP = NO;
				DEBUG_INFORMATION_FORMAT = "dwarf-with-dsym";
				ENABLE_NS_ASSERTIONS = NO;
				ENABLE_STRICT_OBJC_MSGSEND = YES;
				GCC_C_LANGUAGE_STANDARD = gnu11;
				GCC_NO_COMMON_BLOCKS = YES;
				GCC_WARN_64_TO_32_BIT_CONVERSION = YES;
				GCC_WARN_ABOUT_RETURN_TYPE = YES_ERROR;
				GCC_WARN_UNDECLARED_SELECTOR = YES;
				GCC_WARN_UNINITIALIZED_AUTOS = YES_AGGRESSIVE;
				GCC_WARN_UNUSED_FUNCTION = YES;
				GCC_WARN_UNUSED_VARIABLE = YES;
				IPHONEOS_DEPLOYMENT_TARGET = 15.5;
				MTL_ENABLE_DEBUG_INFO = NO;
				MTL_FAST_MATH = YES;
				SDKROOT = iphoneos;
				SWIFT_COMPILATION_MODE = wholemodule;
				SWIFT_OPTIMIZATION_LEVEL = "-O";
				VALIDATE_PRODUCT = YES;
			};
			name = Release;
		};
		9035966F28CD749E0089322E /* Debug */ = {
			isa = XCBuildConfiguration;
			buildSettings = {
				ASSETCATALOG_COMPILER_APPICON_NAME = AppIcon;
				ASSETCATALOG_COMPILER_GLOBAL_ACCENT_COLOR_NAME = AccentColor;
				CODE_SIGN_STYLE = Automatic;
				CURRENT_PROJECT_VERSION = 1;
				GENERATE_INFOPLIST_FILE = YES;
				INFOPLIST_FILE = iOS/Info.plist;
				INFOPLIST_KEY_UIApplicationSupportsIndirectInputEvents = YES;
				INFOPLIST_KEY_UILaunchStoryboardName = LaunchScreen;
				INFOPLIST_KEY_UIMainStoryboardFile = Main;
				INFOPLIST_KEY_UISupportedInterfaceOrientations_iPad = "UIInterfaceOrientationPortrait UIInterfaceOrientationPortraitUpsideDown UIInterfaceOrientationLandscapeLeft UIInterfaceOrientationLandscapeRight";
				INFOPLIST_KEY_UISupportedInterfaceOrientations_iPhone = "UIInterfaceOrientationPortrait UIInterfaceOrientationLandscapeLeft UIInterfaceOrientationLandscapeRight";
				LD_RUNPATH_SEARCH_PATHS = (
					"$(inherited)",
					"@executable_path/Frameworks",
				);
				MARKETING_VERSION = 1.0;
				PRODUCT_BUNDLE_IDENTIFIER = com.Borboleta.iOS;
				PRODUCT_NAME = "$(TARGET_NAME)";
				SWIFT_EMIT_LOC_STRINGS = YES;
				SWIFT_VERSION = 5.0;
				TARGETED_DEVICE_FAMILY = "1,2";
			};
			name = Debug;
		};
		9035967028CD749E0089322E /* Release */ = {
			isa = XCBuildConfiguration;
			buildSettings = {
				ASSETCATALOG_COMPILER_APPICON_NAME = AppIcon;
				ASSETCATALOG_COMPILER_GLOBAL_ACCENT_COLOR_NAME = AccentColor;
				CODE_SIGN_STYLE = Automatic;
				CURRENT_PROJECT_VERSION = 1;
				GENERATE_INFOPLIST_FILE = YES;
				INFOPLIST_FILE = iOS/Info.plist;
				INFOPLIST_KEY_UIApplicationSupportsIndirectInputEvents = YES;
				INFOPLIST_KEY_UILaunchStoryboardName = LaunchScreen;
				INFOPLIST_KEY_UIMainStoryboardFile = Main;
				INFOPLIST_KEY_UISupportedInterfaceOrientations_iPad = "UIInterfaceOrientationPortrait UIInterfaceOrientationPortraitUpsideDown UIInterfaceOrientationLandscapeLeft UIInterfaceOrientationLandscapeRight";
				INFOPLIST_KEY_UISupportedInterfaceOrientations_iPhone = "UIInterfaceOrientationPortrait UIInterfaceOrientationLandscapeLeft UIInterfaceOrientationLandscapeRight";
				LD_RUNPATH_SEARCH_PATHS = (
					"$(inherited)",
					"@executable_path/Frameworks",
				);
				MARKETING_VERSION = 1.0;
				PRODUCT_BUNDLE_IDENTIFIER = com.Borboleta.iOS;
				PRODUCT_NAME = "$(TARGET_NAME)";
				SWIFT_EMIT_LOC_STRINGS = YES;
				SWIFT_VERSION = 5.0;
				TARGETED_DEVICE_FAMILY = "1,2";
			};
			name = Release;
		};
		9035967228CD749E0089322E /* Debug */ = {
			isa = XCBuildConfiguration;
			buildSettings = {
				ALWAYS_EMBED_SWIFT_STANDARD_LIBRARIES = YES;
				BUNDLE_LOADER = "$(TEST_HOST)";
				CODE_SIGN_STYLE = Automatic;
				CURRENT_PROJECT_VERSION = 1;
				GENERATE_INFOPLIST_FILE = YES;
				IPHONEOS_DEPLOYMENT_TARGET = 15.5;
				MARKETING_VERSION = 1.0;
				PRODUCT_BUNDLE_IDENTIFIER = com.Borboleta.iOSTests;
				PRODUCT_NAME = "$(TARGET_NAME)";
				SWIFT_EMIT_LOC_STRINGS = NO;
				SWIFT_VERSION = 5.0;
				TARGETED_DEVICE_FAMILY = "1,2";
				TEST_HOST = "$(BUILT_PRODUCTS_DIR)/iOS.app/iOS";
			};
			name = Debug;
		};
		9035967328CD749E0089322E /* Release */ = {
			isa = XCBuildConfiguration;
			buildSettings = {
				ALWAYS_EMBED_SWIFT_STANDARD_LIBRARIES = YES;
				BUNDLE_LOADER = "$(TEST_HOST)";
				CODE_SIGN_STYLE = Automatic;
				CURRENT_PROJECT_VERSION = 1;
				GENERATE_INFOPLIST_FILE = YES;
				IPHONEOS_DEPLOYMENT_TARGET = 15.5;
				MARKETING_VERSION = 1.0;
				PRODUCT_BUNDLE_IDENTIFIER = com.Borboleta.iOSTests;
				PRODUCT_NAME = "$(TARGET_NAME)";
				SWIFT_EMIT_LOC_STRINGS = NO;
				SWIFT_VERSION = 5.0;
				TARGETED_DEVICE_FAMILY = "1,2";
				TEST_HOST = "$(BUILT_PRODUCTS_DIR)/iOS.app/iOS";
			};
			name = Release;
		};
		9035967528CD749E0089322E /* Debug */ = {
			isa = XCBuildConfiguration;
			buildSettings = {
				ALWAYS_EMBED_SWIFT_STANDARD_LIBRARIES = YES;
				CODE_SIGN_STYLE = Automatic;
				CURRENT_PROJECT_VERSION = 1;
				GENERATE_INFOPLIST_FILE = YES;
				MARKETING_VERSION = 1.0;
				PRODUCT_BUNDLE_IDENTIFIER = com.Borboleta.iOSUITests;
				PRODUCT_NAME = "$(TARGET_NAME)";
				SWIFT_EMIT_LOC_STRINGS = NO;
				SWIFT_VERSION = 5.0;
				TARGETED_DEVICE_FAMILY = "1,2";
				TEST_TARGET_NAME = iOS;
			};
			name = Debug;
		};
		9035967628CD749E0089322E /* Release */ = {
			isa = XCBuildConfiguration;
			buildSettings = {
				ALWAYS_EMBED_SWIFT_STANDARD_LIBRARIES = YES;
				CODE_SIGN_STYLE = Automatic;
				CURRENT_PROJECT_VERSION = 1;
				GENERATE_INFOPLIST_FILE = YES;
				MARKETING_VERSION = 1.0;
				PRODUCT_BUNDLE_IDENTIFIER = com.Borboleta.iOSUITests;
				PRODUCT_NAME = "$(TARGET_NAME)";
				SWIFT_EMIT_LOC_STRINGS = NO;
				SWIFT_VERSION = 5.0;
				TARGETED_DEVICE_FAMILY = "1,2";
				TEST_TARGET_NAME = iOS;
			};
			name = Release;
		};
/* End XCBuildConfiguration section */

/* Begin XCConfigurationList section */
		9035963F28CD749D0089322E /* Build configuration list for PBXProject "iOS" */ = {
			isa = XCConfigurationList;
			buildConfigurations = (
				9035966C28CD749E0089322E /* Debug */,
				9035966D28CD749E0089322E /* Release */,
			);
			defaultConfigurationIsVisible = 0;
			defaultConfigurationName = Release;
		};
		9035966E28CD749E0089322E /* Build configuration list for PBXNativeTarget "iOS" */ = {
			isa = XCConfigurationList;
			buildConfigurations = (
				9035966F28CD749E0089322E /* Debug */,
				9035967028CD749E0089322E /* Release */,
			);
			defaultConfigurationIsVisible = 0;
			defaultConfigurationName = Release;
		};
		9035967128CD749E0089322E /* Build configuration list for PBXNativeTarget "iOSTests" */ = {
			isa = XCConfigurationList;
			buildConfigurations = (
				9035967228CD749E0089322E /* Debug */,
				9035967328CD749E0089322E /* Release */,
			);
			defaultConfigurationIsVisible = 0;
			defaultConfigurationName = Release;
		};
		9035967428CD749E0089322E /* Build configuration list for PBXNativeTarget "iOSUITests" */ = {
			isa = XCConfigurationList;
			buildConfigurations = (
				9035967528CD749E0089322E /* Debug */,
				9035967628CD749E0089322E /* Release */,
			);
			defaultConfigurationIsVisible = 0;
			defaultConfigurationName = Release;
		};
/* End XCConfigurationList section */
	};
	rootObject = 9035963C28CD749D0089322E /* Project object */;
}
