// !$*UTF8*$!
{
	archiveVersion = 1;
	classes = {
	};
	objectVersion = 55;
	objects = {

/* Begin PBXBuildFile section */
		90B39FCA28CEB0FC00326D19 /* AppDelegate.swift in Sources */ = {isa = PBXBuildFile; fileRef = 90B39FC928CEB0FC00326D19 /* AppDelegate.swift */; };
		90B39FCC28CEB0FC00326D19 /* SceneDelegate.swift in Sources */ = {isa = PBXBuildFile; fileRef = 90B39FCB28CEB0FC00326D19 /* SceneDelegate.swift */; };
		90B39FCE28CEB0FC00326D19 /* ViewController.swift in Sources */ = {isa = PBXBuildFile; fileRef = 90B39FCD28CEB0FC00326D19 /* ViewController.swift */; };
		90B39FD128CEB0FC00326D19 /* Main.storyboard in Resources */ = {isa = PBXBuildFile; fileRef = 90B39FCF28CEB0FC00326D19 /* Main.storyboard */; };
		90B39FD328CEB0FC00326D19 /* Assets.xcassets in Resources */ = {isa = PBXBuildFile; fileRef = 90B39FD228CEB0FC00326D19 /* Assets.xcassets */; };
		90B39FD628CEB0FC00326D19 /* LaunchScreen.storyboard in Resources */ = {isa = PBXBuildFile; fileRef = 90B39FD428CEB0FC00326D19 /* LaunchScreen.storyboard */; };
		90B39FE128CEB0FC00326D19 /* AppiOSTests.swift in Sources */ = {isa = PBXBuildFile; fileRef = 90B39FE028CEB0FC00326D19 /* AppiOSTests.swift */; };
		90B39FEB28CEB0FC00326D19 /* AppiOSUITests.swift in Sources */ = {isa = PBXBuildFile; fileRef = 90B39FEA28CEB0FC00326D19 /* AppiOSUITests.swift */; };
		90B39FED28CEB0FC00326D19 /* AppiOSUITestsLaunchTests.swift in Sources */ = {isa = PBXBuildFile; fileRef = 90B39FEC28CEB0FC00326D19 /* AppiOSUITestsLaunchTests.swift */; };
		9D5AA19928DA81C300AC068E /* LoginViewController.swift in Sources */ = {isa = PBXBuildFile; fileRef = 9D5AA19828DA81C300AC068E /* LoginViewController.swift */; };
		9D5AA19B28DA877A00AC068E /* UnderlinedTextField.swift in Sources */ = {isa = PBXBuildFile; fileRef = 9D5AA19A28DA877A00AC068E /* UnderlinedTextField.swift */; };
/* End PBXBuildFile section */

/* Begin PBXContainerItemProxy section */
		90B39FDD28CEB0FC00326D19 /* PBXContainerItemProxy */ = {
			isa = PBXContainerItemProxy;
			containerPortal = 90B39FBE28CEB0FC00326D19 /* Project object */;
			proxyType = 1;
			remoteGlobalIDString = 90B39FC528CEB0FC00326D19;
			remoteInfo = AppiOS;
		};
		90B39FE728CEB0FC00326D19 /* PBXContainerItemProxy */ = {
			isa = PBXContainerItemProxy;
			containerPortal = 90B39FBE28CEB0FC00326D19 /* Project object */;
			proxyType = 1;
			remoteGlobalIDString = 90B39FC528CEB0FC00326D19;
			remoteInfo = AppiOS;
		};
/* End PBXContainerItemProxy section */

/* Begin PBXFileReference section */
		90B39FC628CEB0FC00326D19 /* AppiOS.app */ = {isa = PBXFileReference; explicitFileType = wrapper.application; includeInIndex = 0; path = AppiOS.app; sourceTree = BUILT_PRODUCTS_DIR; };
		90B39FC928CEB0FC00326D19 /* AppDelegate.swift */ = {isa = PBXFileReference; lastKnownFileType = sourcecode.swift; path = AppDelegate.swift; sourceTree = "<group>"; };
		90B39FCB28CEB0FC00326D19 /* SceneDelegate.swift */ = {isa = PBXFileReference; lastKnownFileType = sourcecode.swift; path = SceneDelegate.swift; sourceTree = "<group>"; };
		90B39FCD28CEB0FC00326D19 /* ViewController.swift */ = {isa = PBXFileReference; lastKnownFileType = sourcecode.swift; path = ViewController.swift; sourceTree = "<group>"; };
		90B39FD028CEB0FC00326D19 /* Base */ = {isa = PBXFileReference; lastKnownFileType = file.storyboard; name = Base; path = Base.lproj/Main.storyboard; sourceTree = "<group>"; };
		90B39FD228CEB0FC00326D19 /* Assets.xcassets */ = {isa = PBXFileReference; lastKnownFileType = folder.assetcatalog; path = Assets.xcassets; sourceTree = "<group>"; };
		90B39FD528CEB0FC00326D19 /* Base */ = {isa = PBXFileReference; lastKnownFileType = file.storyboard; name = Base; path = Base.lproj/LaunchScreen.storyboard; sourceTree = "<group>"; };
		90B39FD728CEB0FC00326D19 /* Info.plist */ = {isa = PBXFileReference; lastKnownFileType = text.plist.xml; path = Info.plist; sourceTree = "<group>"; };
		90B39FDC28CEB0FC00326D19 /* AppiOSTests.xctest */ = {isa = PBXFileReference; explicitFileType = wrapper.cfbundle; includeInIndex = 0; path = AppiOSTests.xctest; sourceTree = BUILT_PRODUCTS_DIR; };
		90B39FE028CEB0FC00326D19 /* AppiOSTests.swift */ = {isa = PBXFileReference; lastKnownFileType = sourcecode.swift; path = AppiOSTests.swift; sourceTree = "<group>"; };
		90B39FE628CEB0FC00326D19 /* AppiOSUITests.xctest */ = {isa = PBXFileReference; explicitFileType = wrapper.cfbundle; includeInIndex = 0; path = AppiOSUITests.xctest; sourceTree = BUILT_PRODUCTS_DIR; };
		90B39FEA28CEB0FC00326D19 /* AppiOSUITests.swift */ = {isa = PBXFileReference; lastKnownFileType = sourcecode.swift; path = AppiOSUITests.swift; sourceTree = "<group>"; };
		90B39FEC28CEB0FC00326D19 /* AppiOSUITestsLaunchTests.swift */ = {isa = PBXFileReference; lastKnownFileType = sourcecode.swift; path = AppiOSUITestsLaunchTests.swift; sourceTree = "<group>"; };
		9D5AA19828DA81C300AC068E /* LoginViewController.swift */ = {isa = PBXFileReference; lastKnownFileType = sourcecode.swift; path = LoginViewController.swift; sourceTree = "<group>"; };
		9D5AA19A28DA877A00AC068E /* UnderlinedTextField.swift */ = {isa = PBXFileReference; lastKnownFileType = sourcecode.swift; path = UnderlinedTextField.swift; sourceTree = "<group>"; };
/* End PBXFileReference section */

/* Begin PBXFrameworksBuildPhase section */
		90B39FC328CEB0FC00326D19 /* Frameworks */ = {
			isa = PBXFrameworksBuildPhase;
			buildActionMask = 2147483647;
			files = (
			);
			runOnlyForDeploymentPostprocessing = 0;
		};
		90B39FD928CEB0FC00326D19 /* Frameworks */ = {
			isa = PBXFrameworksBuildPhase;
			buildActionMask = 2147483647;
			files = (
			);
			runOnlyForDeploymentPostprocessing = 0;
		};
		90B39FE328CEB0FC00326D19 /* Frameworks */ = {
			isa = PBXFrameworksBuildPhase;
			buildActionMask = 2147483647;
			files = (
			);
			runOnlyForDeploymentPostprocessing = 0;
		};
/* End PBXFrameworksBuildPhase section */

/* Begin PBXGroup section */
		90B39FBD28CEB0FC00326D19 = {
			isa = PBXGroup;
			children = (
				90B39FC828CEB0FC00326D19 /* AppiOS */,
				90B39FDF28CEB0FC00326D19 /* AppiOSTests */,
				90B39FE928CEB0FC00326D19 /* AppiOSUITests */,
				90B39FC728CEB0FC00326D19 /* Products */,
			);
			sourceTree = "<group>";
		};
		90B39FC728CEB0FC00326D19 /* Products */ = {
			isa = PBXGroup;
			children = (
				90B39FC628CEB0FC00326D19 /* AppiOS.app */,
				90B39FDC28CEB0FC00326D19 /* AppiOSTests.xctest */,
				90B39FE628CEB0FC00326D19 /* AppiOSUITests.xctest */,
			);
			name = Products;
			sourceTree = "<group>";
		};
		90B39FC828CEB0FC00326D19 /* AppiOS */ = {
			isa = PBXGroup;
			children = (
				90B39FC928CEB0FC00326D19 /* AppDelegate.swift */,
				90B39FCB28CEB0FC00326D19 /* SceneDelegate.swift */,
				9D78B65328DA7FD6007D64BD /* Models */,
				9D78B65228DA7FCD007D64BD /* Views */,
				9D78B65128DA7FC3007D64BD /* Controllers */,
				90B39FD228CEB0FC00326D19 /* Assets.xcassets */,
				90B39FD428CEB0FC00326D19 /* LaunchScreen.storyboard */,
				90B39FD728CEB0FC00326D19 /* Info.plist */,
			);
			path = AppiOS;
			sourceTree = "<group>";
		};
		90B39FDF28CEB0FC00326D19 /* AppiOSTests */ = {
			isa = PBXGroup;
			children = (
				90B39FE028CEB0FC00326D19 /* AppiOSTests.swift */,
			);
			path = AppiOSTests;
			sourceTree = "<group>";
		};
		90B39FE928CEB0FC00326D19 /* AppiOSUITests */ = {
			isa = PBXGroup;
			children = (
				90B39FEA28CEB0FC00326D19 /* AppiOSUITests.swift */,
				90B39FEC28CEB0FC00326D19 /* AppiOSUITestsLaunchTests.swift */,
			);
			path = AppiOSUITests;
			sourceTree = "<group>";
		};
		9D78B65128DA7FC3007D64BD /* Controllers */ = {
			isa = PBXGroup;
			children = (
				90B39FCD28CEB0FC00326D19 /* ViewController.swift */,
				9D5AA19828DA81C300AC068E /* LoginViewController.swift */,
			);
			path = Controllers;
			sourceTree = "<group>";
		};
		9D78B65228DA7FCD007D64BD /* Views */ = {
			isa = PBXGroup;
			children = (
				90B39FCF28CEB0FC00326D19 /* Main.storyboard */,
			);
			path = Views;
			sourceTree = "<group>";
		};
		9D78B65328DA7FD6007D64BD /* Models */ = {
			isa = PBXGroup;
			children = (
				9D5AA19A28DA877A00AC068E /* UnderlinedTextField.swift */,
			);
			path = Models;
			sourceTree = "<group>";
		};
/* End PBXGroup section */

/* Begin PBXNativeTarget section */
		90B39FC528CEB0FC00326D19 /* AppiOS */ = {
			isa = PBXNativeTarget;
			buildConfigurationList = 90B39FF028CEB0FC00326D19 /* Build configuration list for PBXNativeTarget "AppiOS" */;
			buildPhases = (
				90B39FC228CEB0FC00326D19 /* Sources */,
				90B39FC328CEB0FC00326D19 /* Frameworks */,
				90B39FC428CEB0FC00326D19 /* Resources */,
			);
			buildRules = (
			);
			dependencies = (
			);
			name = AppiOS;
			productName = AppiOS;
			productReference = 90B39FC628CEB0FC00326D19 /* AppiOS.app */;
			productType = "com.apple.product-type.application";
		};
		90B39FDB28CEB0FC00326D19 /* AppiOSTests */ = {
			isa = PBXNativeTarget;
			buildConfigurationList = 90B39FF328CEB0FC00326D19 /* Build configuration list for PBXNativeTarget "AppiOSTests" */;
			buildPhases = (
				90B39FD828CEB0FC00326D19 /* Sources */,
				90B39FD928CEB0FC00326D19 /* Frameworks */,
				90B39FDA28CEB0FC00326D19 /* Resources */,
			);
			buildRules = (
			);
			dependencies = (
				90B39FDE28CEB0FC00326D19 /* PBXTargetDependency */,
			);
			name = AppiOSTests;
			productName = AppiOSTests;
			productReference = 90B39FDC28CEB0FC00326D19 /* AppiOSTests.xctest */;
			productType = "com.apple.product-type.bundle.unit-test";
		};
		90B39FE528CEB0FC00326D19 /* AppiOSUITests */ = {
			isa = PBXNativeTarget;
			buildConfigurationList = 90B39FF628CEB0FC00326D19 /* Build configuration list for PBXNativeTarget "AppiOSUITests" */;
			buildPhases = (
				90B39FE228CEB0FC00326D19 /* Sources */,
				90B39FE328CEB0FC00326D19 /* Frameworks */,
				90B39FE428CEB0FC00326D19 /* Resources */,
			);
			buildRules = (
			);
			dependencies = (
				90B39FE828CEB0FC00326D19 /* PBXTargetDependency */,
			);
			name = AppiOSUITests;
			productName = AppiOSUITests;
			productReference = 90B39FE628CEB0FC00326D19 /* AppiOSUITests.xctest */;
			productType = "com.apple.product-type.bundle.ui-testing";
		};
/* End PBXNativeTarget section */

/* Begin PBXProject section */
		90B39FBE28CEB0FC00326D19 /* Project object */ = {
			isa = PBXProject;
			attributes = {
				BuildIndependentTargetsInParallel = 1;
				LastSwiftUpdateCheck = 1340;
				LastUpgradeCheck = 1340;
				TargetAttributes = {
					90B39FC528CEB0FC00326D19 = {
						CreatedOnToolsVersion = 13.4.1;
					};
					90B39FDB28CEB0FC00326D19 = {
						CreatedOnToolsVersion = 13.4.1;
						TestTargetID = 90B39FC528CEB0FC00326D19;
					};
					90B39FE528CEB0FC00326D19 = {
						CreatedOnToolsVersion = 13.4.1;
						TestTargetID = 90B39FC528CEB0FC00326D19;
					};
				};
			};
			buildConfigurationList = 90B39FC128CEB0FC00326D19 /* Build configuration list for PBXProject "AppiOS" */;
			compatibilityVersion = "Xcode 13.0";
			developmentRegion = en;
			hasScannedForEncodings = 0;
			knownRegions = (
				en,
				Base,
			);
			mainGroup = 90B39FBD28CEB0FC00326D19;
			productRefGroup = 90B39FC728CEB0FC00326D19 /* Products */;
			projectDirPath = "";
			projectRoot = "";
			targets = (
				90B39FC528CEB0FC00326D19 /* AppiOS */,
				90B39FDB28CEB0FC00326D19 /* AppiOSTests */,
				90B39FE528CEB0FC00326D19 /* AppiOSUITests */,
			);
		};
/* End PBXProject section */

/* Begin PBXResourcesBuildPhase section */
		90B39FC428CEB0FC00326D19 /* Resources */ = {
			isa = PBXResourcesBuildPhase;
			buildActionMask = 2147483647;
			files = (
				90B39FD628CEB0FC00326D19 /* LaunchScreen.storyboard in Resources */,
				90B39FD328CEB0FC00326D19 /* Assets.xcassets in Resources */,
				90B39FD128CEB0FC00326D19 /* Main.storyboard in Resources */,
			);
			runOnlyForDeploymentPostprocessing = 0;
		};
		90B39FDA28CEB0FC00326D19 /* Resources */ = {
			isa = PBXResourcesBuildPhase;
			buildActionMask = 2147483647;
			files = (
			);
			runOnlyForDeploymentPostprocessing = 0;
		};
		90B39FE428CEB0FC00326D19 /* Resources */ = {
			isa = PBXResourcesBuildPhase;
			buildActionMask = 2147483647;
			files = (
			);
			runOnlyForDeploymentPostprocessing = 0;
		};
/* End PBXResourcesBuildPhase section */

/* Begin PBXSourcesBuildPhase section */
		90B39FC228CEB0FC00326D19 /* Sources */ = {
			isa = PBXSourcesBuildPhase;
			buildActionMask = 2147483647;
			files = (
				9D5AA19B28DA877A00AC068E /* UnderlinedTextField.swift in Sources */,
				9D5AA19928DA81C300AC068E /* LoginViewController.swift in Sources */,
				90B39FCE28CEB0FC00326D19 /* ViewController.swift in Sources */,
				90B39FCA28CEB0FC00326D19 /* AppDelegate.swift in Sources */,
				90B39FCC28CEB0FC00326D19 /* SceneDelegate.swift in Sources */,
			);
			runOnlyForDeploymentPostprocessing = 0;
		};
		90B39FD828CEB0FC00326D19 /* Sources */ = {
			isa = PBXSourcesBuildPhase;
			buildActionMask = 2147483647;
			files = (
				90B39FE128CEB0FC00326D19 /* AppiOSTests.swift in Sources */,
			);
			runOnlyForDeploymentPostprocessing = 0;
		};
		90B39FE228CEB0FC00326D19 /* Sources */ = {
			isa = PBXSourcesBuildPhase;
			buildActionMask = 2147483647;
			files = (
				90B39FED28CEB0FC00326D19 /* AppiOSUITestsLaunchTests.swift in Sources */,
				90B39FEB28CEB0FC00326D19 /* AppiOSUITests.swift in Sources */,
			);
			runOnlyForDeploymentPostprocessing = 0;
		};
/* End PBXSourcesBuildPhase section */

/* Begin PBXTargetDependency section */
		90B39FDE28CEB0FC00326D19 /* PBXTargetDependency */ = {
			isa = PBXTargetDependency;
			target = 90B39FC528CEB0FC00326D19 /* AppiOS */;
			targetProxy = 90B39FDD28CEB0FC00326D19 /* PBXContainerItemProxy */;
		};
		90B39FE828CEB0FC00326D19 /* PBXTargetDependency */ = {
			isa = PBXTargetDependency;
			target = 90B39FC528CEB0FC00326D19 /* AppiOS */;
			targetProxy = 90B39FE728CEB0FC00326D19 /* PBXContainerItemProxy */;
		};
/* End PBXTargetDependency section */

/* Begin PBXVariantGroup section */
		90B39FCF28CEB0FC00326D19 /* Main.storyboard */ = {
			isa = PBXVariantGroup;
			children = (
				90B39FD028CEB0FC00326D19 /* Base */,
			);
			name = Main.storyboard;
			sourceTree = "<group>";
		};
		90B39FD428CEB0FC00326D19 /* LaunchScreen.storyboard */ = {
			isa = PBXVariantGroup;
			children = (
				90B39FD528CEB0FC00326D19 /* Base */,
			);
			name = LaunchScreen.storyboard;
			sourceTree = "<group>";
		};
/* End PBXVariantGroup section */

/* Begin XCBuildConfiguration section */
		90B39FEE28CEB0FC00326D19 /* Debug */ = {
			isa = XCBuildConfiguration;
			buildSettings = {
				ALWAYS_SEARCH_USER_PATHS = NO;
				CLANG_ANALYZER_NONNULL = YES;
				CLANG_ANALYZER_NUMBER_OBJECT_CONVERSION = YES_AGGRESSIVE;
				CLANG_CXX_LANGUAGE_STANDARD = "gnu++17";
				CLANG_ENABLE_MODULES = YES;
				CLANG_ENABLE_OBJC_ARC = YES;
				CLANG_ENABLE_OBJC_WEAK = YES;
				CLANG_WARN_BLOCK_CAPTURE_AUTORELEASING = YES;
				CLANG_WARN_BOOL_CONVERSION = YES;
				CLANG_WARN_COMMA = YES;
				CLANG_WARN_CONSTANT_CONVERSION = YES;
				CLANG_WARN_DEPRECATED_OBJC_IMPLEMENTATIONS = YES;
				CLANG_WARN_DIRECT_OBJC_ISA_USAGE = YES_ERROR;
				CLANG_WARN_DOCUMENTATION_COMMENTS = YES;
				CLANG_WARN_EMPTY_BODY = YES;
				CLANG_WARN_ENUM_CONVERSION = YES;
				CLANG_WARN_INFINITE_RECURSION = YES;
				CLANG_WARN_INT_CONVERSION = YES;
				CLANG_WARN_NON_LITERAL_NULL_CONVERSION = YES;
				CLANG_WARN_OBJC_IMPLICIT_RETAIN_SELF = YES;
				CLANG_WARN_OBJC_LITERAL_CONVERSION = YES;
				CLANG_WARN_OBJC_ROOT_CLASS = YES_ERROR;
				CLANG_WARN_QUOTED_INCLUDE_IN_FRAMEWORK_HEADER = YES;
				CLANG_WARN_RANGE_LOOP_ANALYSIS = YES;
				CLANG_WARN_STRICT_PROTOTYPES = YES;
				CLANG_WARN_SUSPICIOUS_MOVE = YES;
				CLANG_WARN_UNGUARDED_AVAILABILITY = YES_AGGRESSIVE;
				CLANG_WARN_UNREACHABLE_CODE = YES;
				CLANG_WARN__DUPLICATE_METHOD_MATCH = YES;
				COPY_PHASE_STRIP = NO;
				DEBUG_INFORMATION_FORMAT = dwarf;
				ENABLE_STRICT_OBJC_MSGSEND = YES;
				ENABLE_TESTABILITY = YES;
				GCC_C_LANGUAGE_STANDARD = gnu11;
				GCC_DYNAMIC_NO_PIC = NO;
				GCC_NO_COMMON_BLOCKS = YES;
				GCC_OPTIMIZATION_LEVEL = 0;
				GCC_PREPROCESSOR_DEFINITIONS = (
					"DEBUG=1",
					"$(inherited)",
				);
				GCC_WARN_64_TO_32_BIT_CONVERSION = YES;
				GCC_WARN_ABOUT_RETURN_TYPE = YES_ERROR;
				GCC_WARN_UNDECLARED_SELECTOR = YES;
				GCC_WARN_UNINITIALIZED_AUTOS = YES_AGGRESSIVE;
				GCC_WARN_UNUSED_FUNCTION = YES;
				GCC_WARN_UNUSED_VARIABLE = YES;
				IPHONEOS_DEPLOYMENT_TARGET = 15.5;
				MTL_ENABLE_DEBUG_INFO = INCLUDE_SOURCE;
				MTL_FAST_MATH = YES;
				ONLY_ACTIVE_ARCH = YES;
				SDKROOT = iphoneos;
				SWIFT_ACTIVE_COMPILATION_CONDITIONS = DEBUG;
				SWIFT_OPTIMIZATION_LEVEL = "-Onone";
			};
			name = Debug;
		};
		90B39FEF28CEB0FC00326D19 /* Release */ = {
			isa = XCBuildConfiguration;
			buildSettings = {
				ALWAYS_SEARCH_USER_PATHS = NO;
				CLANG_ANALYZER_NONNULL = YES;
				CLANG_ANALYZER_NUMBER_OBJECT_CONVERSION = YES_AGGRESSIVE;
				CLANG_CXX_LANGUAGE_STANDARD = "gnu++17";
				CLANG_ENABLE_MODULES = YES;
				CLANG_ENABLE_OBJC_ARC = YES;
				CLANG_ENABLE_OBJC_WEAK = YES;
				CLANG_WARN_BLOCK_CAPTURE_AUTORELEASING = YES;
				CLANG_WARN_BOOL_CONVERSION = YES;
				CLANG_WARN_COMMA = YES;
				CLANG_WARN_CONSTANT_CONVERSION = YES;
				CLANG_WARN_DEPRECATED_OBJC_IMPLEMENTATIONS = YES;
				CLANG_WARN_DIRECT_OBJC_ISA_USAGE = YES_ERROR;
				CLANG_WARN_DOCUMENTATION_COMMENTS = YES;
				CLANG_WARN_EMPTY_BODY = YES;
				CLANG_WARN_ENUM_CONVERSION = YES;
				CLANG_WARN_INFINITE_RECURSION = YES;
				CLANG_WARN_INT_CONVERSION = YES;
				CLANG_WARN_NON_LITERAL_NULL_CONVERSION = YES;
				CLANG_WARN_OBJC_IMPLICIT_RETAIN_SELF = YES;
				CLANG_WARN_OBJC_LITERAL_CONVERSION = YES;
				CLANG_WARN_OBJC_ROOT_CLASS = YES_ERROR;
				CLANG_WARN_QUOTED_INCLUDE_IN_FRAMEWORK_HEADER = YES;
				CLANG_WARN_RANGE_LOOP_ANALYSIS = YES;
				CLANG_WARN_STRICT_PROTOTYPES = YES;
				CLANG_WARN_SUSPICIOUS_MOVE = YES;
				CLANG_WARN_UNGUARDED_AVAILABILITY = YES_AGGRESSIVE;
				CLANG_WARN_UNREACHABLE_CODE = YES;
				CLANG_WARN__DUPLICATE_METHOD_MATCH = YES;
				COPY_PHASE_STRIP = NO;
				DEBUG_INFORMATION_FORMAT = "dwarf-with-dsym";
				ENABLE_NS_ASSERTIONS = NO;
				ENABLE_STRICT_OBJC_MSGSEND = YES;
				GCC_C_LANGUAGE_STANDARD = gnu11;
				GCC_NO_COMMON_BLOCKS = YES;
				GCC_WARN_64_TO_32_BIT_CONVERSION = YES;
				GCC_WARN_ABOUT_RETURN_TYPE = YES_ERROR;
				GCC_WARN_UNDECLARED_SELECTOR = YES;
				GCC_WARN_UNINITIALIZED_AUTOS = YES_AGGRESSIVE;
				GCC_WARN_UNUSED_FUNCTION = YES;
				GCC_WARN_UNUSED_VARIABLE = YES;
				IPHONEOS_DEPLOYMENT_TARGET = 15.5;
				MTL_ENABLE_DEBUG_INFO = NO;
				MTL_FAST_MATH = YES;
				SDKROOT = iphoneos;
				SWIFT_COMPILATION_MODE = wholemodule;
				SWIFT_OPTIMIZATION_LEVEL = "-O";
				VALIDATE_PRODUCT = YES;
			};
			name = Release;
		};
		90B39FF128CEB0FC00326D19 /* Debug */ = {
			isa = XCBuildConfiguration;
			buildSettings = {
				ASSETCATALOG_COMPILER_APPICON_NAME = AppIcon;
				ASSETCATALOG_COMPILER_GLOBAL_ACCENT_COLOR_NAME = AccentColor;
				CODE_SIGN_STYLE = Automatic;
				CURRENT_PROJECT_VERSION = 1;
				GENERATE_INFOPLIST_FILE = YES;
				INFOPLIST_FILE = AppiOS/Info.plist;
				INFOPLIST_KEY_UIApplicationSupportsIndirectInputEvents = YES;
				INFOPLIST_KEY_UILaunchStoryboardName = LaunchScreen;
				INFOPLIST_KEY_UIMainStoryboardFile = Main;
				INFOPLIST_KEY_UISupportedInterfaceOrientations_iPad = "UIInterfaceOrientationPortrait UIInterfaceOrientationPortraitUpsideDown UIInterfaceOrientationLandscapeLeft UIInterfaceOrientationLandscapeRight";
				INFOPLIST_KEY_UISupportedInterfaceOrientations_iPhone = "UIInterfaceOrientationPortrait UIInterfaceOrientationLandscapeLeft UIInterfaceOrientationLandscapeRight";
				LD_RUNPATH_SEARCH_PATHS = (
					"$(inherited)",
					"@executable_path/Frameworks",
				);
				MARKETING_VERSION = 1.0;
				PRODUCT_BUNDLE_IDENTIFIER = com.Borboleta.AppiOS;
				PRODUCT_NAME = "$(TARGET_NAME)";
				SWIFT_EMIT_LOC_STRINGS = YES;
				SWIFT_VERSION = 5.0;
				TARGETED_DEVICE_FAMILY = "1,2";
			};
			name = Debug;
		};
		90B39FF228CEB0FC00326D19 /* Release */ = {
			isa = XCBuildConfiguration;
			buildSettings = {
				ASSETCATALOG_COMPILER_APPICON_NAME = AppIcon;
				ASSETCATALOG_COMPILER_GLOBAL_ACCENT_COLOR_NAME = AccentColor;
				CODE_SIGN_STYLE = Automatic;
				CURRENT_PROJECT_VERSION = 1;
				GENERATE_INFOPLIST_FILE = YES;
				INFOPLIST_FILE = AppiOS/Info.plist;
				INFOPLIST_KEY_UIApplicationSupportsIndirectInputEvents = YES;
				INFOPLIST_KEY_UILaunchStoryboardName = LaunchScreen;
				INFOPLIST_KEY_UIMainStoryboardFile = Main;
				INFOPLIST_KEY_UISupportedInterfaceOrientations_iPad = "UIInterfaceOrientationPortrait UIInterfaceOrientationPortraitUpsideDown UIInterfaceOrientationLandscapeLeft UIInterfaceOrientationLandscapeRight";
				INFOPLIST_KEY_UISupportedInterfaceOrientations_iPhone = "UIInterfaceOrientationPortrait UIInterfaceOrientationLandscapeLeft UIInterfaceOrientationLandscapeRight";
				LD_RUNPATH_SEARCH_PATHS = (
					"$(inherited)",
					"@executable_path/Frameworks",
				);
				MARKETING_VERSION = 1.0;
				PRODUCT_BUNDLE_IDENTIFIER = com.Borboleta.AppiOS;
				PRODUCT_NAME = "$(TARGET_NAME)";
				SWIFT_EMIT_LOC_STRINGS = YES;
				SWIFT_VERSION = 5.0;
				TARGETED_DEVICE_FAMILY = "1,2";
			};
			name = Release;
		};
		90B39FF428CEB0FC00326D19 /* Debug */ = {
			isa = XCBuildConfiguration;
			buildSettings = {
				ALWAYS_EMBED_SWIFT_STANDARD_LIBRARIES = YES;
				BUNDLE_LOADER = "$(TEST_HOST)";
				CODE_SIGN_STYLE = Automatic;
				CURRENT_PROJECT_VERSION = 1;
				GENERATE_INFOPLIST_FILE = YES;
				IPHONEOS_DEPLOYMENT_TARGET = 15.5;
				MARKETING_VERSION = 1.0;
				PRODUCT_BUNDLE_IDENTIFIER = com.Borboleta.AppiOSTests;
				PRODUCT_NAME = "$(TARGET_NAME)";
				SWIFT_EMIT_LOC_STRINGS = NO;
				SWIFT_VERSION = 5.0;
				TARGETED_DEVICE_FAMILY = "1,2";
				TEST_HOST = "$(BUILT_PRODUCTS_DIR)/AppiOS.app/AppiOS";
			};
			name = Debug;
		};
		90B39FF528CEB0FC00326D19 /* Release */ = {
			isa = XCBuildConfiguration;
			buildSettings = {
				ALWAYS_EMBED_SWIFT_STANDARD_LIBRARIES = YES;
				BUNDLE_LOADER = "$(TEST_HOST)";
				CODE_SIGN_STYLE = Automatic;
				CURRENT_PROJECT_VERSION = 1;
				GENERATE_INFOPLIST_FILE = YES;
				IPHONEOS_DEPLOYMENT_TARGET = 15.5;
				MARKETING_VERSION = 1.0;
				PRODUCT_BUNDLE_IDENTIFIER = com.Borboleta.AppiOSTests;
				PRODUCT_NAME = "$(TARGET_NAME)";
				SWIFT_EMIT_LOC_STRINGS = NO;
				SWIFT_VERSION = 5.0;
				TARGETED_DEVICE_FAMILY = "1,2";
				TEST_HOST = "$(BUILT_PRODUCTS_DIR)/AppiOS.app/AppiOS";
			};
			name = Release;
		};
		90B39FF728CEB0FC00326D19 /* Debug */ = {
			isa = XCBuildConfiguration;
			buildSettings = {
				ALWAYS_EMBED_SWIFT_STANDARD_LIBRARIES = YES;
				CODE_SIGN_STYLE = Automatic;
				CURRENT_PROJECT_VERSION = 1;
				GENERATE_INFOPLIST_FILE = YES;
				MARKETING_VERSION = 1.0;
				PRODUCT_BUNDLE_IDENTIFIER = com.Borboleta.AppiOSUITests;
				PRODUCT_NAME = "$(TARGET_NAME)";
				SWIFT_EMIT_LOC_STRINGS = NO;
				SWIFT_VERSION = 5.0;
				TARGETED_DEVICE_FAMILY = "1,2";
				TEST_TARGET_NAME = AppiOS;
			};
			name = Debug;
		};
		90B39FF828CEB0FC00326D19 /* Release */ = {
			isa = XCBuildConfiguration;
			buildSettings = {
				ALWAYS_EMBED_SWIFT_STANDARD_LIBRARIES = YES;
				CODE_SIGN_STYLE = Automatic;
				CURRENT_PROJECT_VERSION = 1;
				GENERATE_INFOPLIST_FILE = YES;
				MARKETING_VERSION = 1.0;
				PRODUCT_BUNDLE_IDENTIFIER = com.Borboleta.AppiOSUITests;
				PRODUCT_NAME = "$(TARGET_NAME)";
				SWIFT_EMIT_LOC_STRINGS = NO;
				SWIFT_VERSION = 5.0;
				TARGETED_DEVICE_FAMILY = "1,2";
				TEST_TARGET_NAME = AppiOS;
			};
			name = Release;
		};
/* End XCBuildConfiguration section */

/* Begin XCConfigurationList section */
		90B39FC128CEB0FC00326D19 /* Build configuration list for PBXProject "AppiOS" */ = {
			isa = XCConfigurationList;
			buildConfigurations = (
				90B39FEE28CEB0FC00326D19 /* Debug */,
				90B39FEF28CEB0FC00326D19 /* Release */,
			);
			defaultConfigurationIsVisible = 0;
			defaultConfigurationName = Release;
		};
		90B39FF028CEB0FC00326D19 /* Build configuration list for PBXNativeTarget "AppiOS" */ = {
			isa = XCConfigurationList;
			buildConfigurations = (
				90B39FF128CEB0FC00326D19 /* Debug */,
				90B39FF228CEB0FC00326D19 /* Release */,
			);
			defaultConfigurationIsVisible = 0;
			defaultConfigurationName = Release;
		};
		90B39FF328CEB0FC00326D19 /* Build configuration list for PBXNativeTarget "AppiOSTests" */ = {
			isa = XCConfigurationList;
			buildConfigurations = (
				90B39FF428CEB0FC00326D19 /* Debug */,
				90B39FF528CEB0FC00326D19 /* Release */,
			);
			defaultConfigurationIsVisible = 0;
			defaultConfigurationName = Release;
		};
		90B39FF628CEB0FC00326D19 /* Build configuration list for PBXNativeTarget "AppiOSUITests" */ = {
			isa = XCConfigurationList;
			buildConfigurations = (
				90B39FF728CEB0FC00326D19 /* Debug */,
				90B39FF828CEB0FC00326D19 /* Release */,
			);
			defaultConfigurationIsVisible = 0;
			defaultConfigurationName = Release;
		};
/* End XCConfigurationList section */
	};
	rootObject = 90B39FBE28CEB0FC00326D19 /* Project object */;
}
